
Microsoft Visual Studio Solution File, Format Version 12.00
# Visual Studio Version 17
VisualStudioVersion = 17.8.34511.84
MinimumVisualStudioVersion = 10.0.40219.1
Project("{2150E333-8FDC-42A3-9474-1A3956D46DE8}") = "Intro", "Intro", "{B56AD960-176B-498B-8ECF-D6EF6BDDAEC2}"
EndProject
Project("{2150E333-8FDC-42A3-9474-1A3956D46DE8}") = "Lesson1", "Lesson1", "{54AA1E95-3CF2-4C2D-A2A9-90DE9C979932}"
EndProject
Project("{9A19103F-16F7-4668-BE54-9A1E7A4F7556}") = "Workspace", "Lesson1\Workspace\Workspace.csproj", "{B4D4EAB1-768C-40A7-99AD-8697BDAFC5C0}"
EndProject
Project("{9A19103F-16F7-4668-BE54-9A1E7A4F7556}") = "Entities", "Lesson1\Entities\Entities.csproj", "{AB45703B-6FE3-44D6-9126-7BAEADBFBCE7}"
EndProject
Project("{9A19103F-16F7-4668-BE54-9A1E7A4F7556}") = "Business", "Lesson1\Business\Business.csproj", "{E87FFB50-CF35-4074-9CF6-CF3606C96F78}"
EndProject
Project("{2150E333-8FDC-42A3-9474-1A3956D46DE8}") = "OOPDemo1", "OOPDemo1", "{D95CCF7D-D55A-44D6-80FD-384513CF4D6D}"
EndProject
Project("{FAE04EC0-301F-11D3-BF4B-00C04F79EFBC}") = "Entities", "OOPDemo1\Entities\Entities.csproj", "{06FCCCE8-777F-4907-A027-0ECD51386DC5}"
EndProject
Project("{FAE04EC0-301F-11D3-BF4B-00C04F79EFBC}") = "Business", "OOPDemo1\Business\Business.csproj", "{E3F3FDFC-81B0-41A9-B883-3A0F5009DCC0}"
EndProject
Project("{FAE04EC0-301F-11D3-BF4B-00C04F79EFBC}") = "Workspace", "OOPDemo1\Workspace\Workspace.csproj", "{7A9B6DDA-3A53-4DAE-82D4-4F5C3D22F403}"
EndProject
Global
	GlobalSection(SolutionConfigurationPlatforms) = preSolution
		Debug|Any CPU = Debug|Any CPU
		Release|Any CPU = Release|Any CPU
	EndGlobalSection
	GlobalSection(ProjectConfigurationPlatforms) = postSolution
		{B4D4EAB1-768C-40A7-99AD-8697BDAFC5C0}.Debug|Any CPU.ActiveCfg = Debug|Any CPU
		{B4D4EAB1-768C-40A7-99AD-8697BDAFC5C0}.Debug|Any CPU.Build.0 = Debug|Any CPU
		{B4D4EAB1-768C-40A7-99AD-8697BDAFC5C0}.Release|Any CPU.ActiveCfg = Release|Any CPU
		{B4D4EAB1-768C-40A7-99AD-8697BDAFC5C0}.Release|Any CPU.Build.0 = Release|Any CPU
		{AB45703B-6FE3-44D6-9126-7BAEADBFBCE7}.Debug|Any CPU.ActiveCfg = Debug|Any CPU
		{AB45703B-6FE3-44D6-9126-7BAEADBFBCE7}.Debug|Any CPU.Build.0 = Debug|Any CPU
		{AB45703B-6FE3-44D6-9126-7BAEADBFBCE7}.Release|Any CPU.ActiveCfg = Release|Any CPU
		{AB45703B-6FE3-44D6-9126-7BAEADBFBCE7}.Release|Any CPU.Build.0 = Release|Any CPU
		{E87FFB50-CF35-4074-9CF6-CF3606C96F78}.Debug|Any CPU.ActiveCfg = Debug|Any CPU
		{E87FFB50-CF35-4074-9CF6-CF3606C96F78}.Debug|Any CPU.Build.0 = Debug|Any CPU
		{E87FFB50-CF35-4074-9CF6-CF3606C96F78}.Release|Any CPU.ActiveCfg = Release|Any CPU
		{E87FFB50-CF35-4074-9CF6-CF3606C96F78}.Release|Any CPU.Build.0 = Release|Any CPU
		{06FCCCE8-777F-4907-A027-0ECD51386DC5}.Debug|Any CPU.ActiveCfg = Debug|Any CPU
		{06FCCCE8-777F-4907-A027-0ECD51386DC5}.Debug|Any CPU.Build.0 = Debug|Any CPU
		{06FCCCE8-777F-4907-A027-0ECD51386DC5}.Release|Any CPU.ActiveCfg = Release|Any CPU
		{06FCCCE8-777F-4907-A027-0ECD51386DC5}.Release|Any CPU.Build.0 = Release|Any CPU
		{E3F3FDFC-81B0-41A9-B883-3A0F5009DCC0}.Debug|Any CPU.ActiveCfg = Debug|Any CPU
		{E3F3FDFC-81B0-41A9-B883-3A0F5009DCC0}.Debug|Any CPU.Build.0 = Debug|Any CPU
		{E3F3FDFC-81B0-41A9-B883-3A0F5009DCC0}.Release|Any CPU.ActiveCfg = Release|Any CPU
		{E3F3FDFC-81B0-41A9-B883-3A0F5009DCC0}.Release|Any CPU.Build.0 = Release|Any CPU
		{7A9B6DDA-3A53-4DAE-82D4-4F5C3D22F403}.Debug|Any CPU.ActiveCfg = Debug|Any CPU
		{7A9B6DDA-3A53-4DAE-82D4-4F5C3D22F403}.Debug|Any CPU.Build.0 = Debug|Any CPU
		{7A9B6DDA-3A53-4DAE-82D4-4F5C3D22F403}.Release|Any CPU.ActiveCfg = Release|Any CPU
		{7A9B6DDA-3A53-4DAE-82D4-4F5C3D22F403}.Release|Any CPU.Build.0 = Release|Any CPU
	EndGlobalSection
	GlobalSection(SolutionProperties) = preSolution
		HideSolutionNode = FALSE
	EndGlobalSection
	GlobalSection(NestedProjects) = preSolution
		{B4D4EAB1-768C-40A7-99AD-8697BDAFC5C0} = {54AA1E95-3CF2-4C2D-A2A9-90DE9C979932}
		{AB45703B-6FE3-44D6-9126-7BAEADBFBCE7} = {54AA1E95-3CF2-4C2D-A2A9-90DE9C979932}
		{E87FFB50-CF35-4074-9CF6-CF3606C96F78} = {54AA1E95-3CF2-4C2D-A2A9-90DE9C979932}
		{06FCCCE8-777F-4907-A027-0ECD51386DC5} = {D95CCF7D-D55A-44D6-80FD-384513CF4D6D}
		{E3F3FDFC-81B0-41A9-B883-3A0F5009DCC0} = {D95CCF7D-D55A-44D6-80FD-384513CF4D6D}
		{7A9B6DDA-3A53-4DAE-82D4-4F5C3D22F403} = {D95CCF7D-D55A-44D6-80FD-384513CF4D6D}
	EndGlobalSection
	GlobalSection(ExtensibilityGlobals) = postSolution
		SolutionGuid = {00460726-0181-4BEB-AAF9-B49DBD6BA483}
	EndGlobalSection
EndGlobal
